
Microsoft Visual Studio Solution File, Format Version 12.00
# Visual Studio Version 17
VisualStudioVersion = 17.8.34004.107
MinimumVisualStudioVersion = 10.0.40219.1
Project("{2150E333-8FDC-42A3-9474-1A3956D46DE8}") = "Common", "Common", "{1A529191-5E5E-4DC0-972B-2489F166EB06}"
EndProject
Project("{9A19103F-16F7-4668-BE54-9A1E7A4F7556}") = "Hurudza.Common.Utils", "Common\Hurudza.Common.Utils\Hurudza.Common.Utils.csproj", "{78E5A056-4885-49DB-93C1-5C6FB5298706}"
EndProject
Project("{2150E333-8FDC-42A3-9474-1A3956D46DE8}") = "Data", "Data", "{EC72E0C2-093B-4582-8AB7-DF15A582E320}"
EndProject
Project("{9A19103F-16F7-4668-BE54-9A1E7A4F7556}") = "Hurudza.Common.Services", "Common\Hurudza.Common.Services\Hurudza.Common.Services.csproj", "{62657F01-2131-4495-BB9C-0B5472C581BA}"
EndProject
Project("{9A19103F-16F7-4668-BE54-9A1E7A4F7556}") = "Hurudza.Data.Models", "Data\Hurudza.Data.Models\Hurudza.Data.Models.csproj", "{4652E544-D56B-45BE-8EC2-3EDF4B5F017F}"
EndProject
Project("{9A19103F-16F7-4668-BE54-9A1E7A4F7556}") = "Hurudza.Data.Repository", "Data\Hurudza.Data.Repository\Hurudza.Data.Repository.csproj", "{B22F02E4-092C-40CA-AB78-DBE28F67B522}"
EndProject
Project("{2150E333-8FDC-42A3-9474-1A3956D46DE8}") = "UI", "UI", "{9D65A920-14A0-476B-898E-F5B4B5D55F67}"
EndProject
Project("{9A19103F-16F7-4668-BE54-9A1E7A4F7556}") = "Hurudza.Common.Sms", "Common\Hurudza.Common.Sms\Hurudza.Common.Sms.csproj", "{8BD3E65C-0A9D-4848-B73D-46E51B3BDBCF}"
EndProject
Project("{2150E333-8FDC-42A3-9474-1A3956D46DE8}") = "Apis", "Apis", "{8C540A82-FC0E-4F7F-A68E-B538CFA110C9}"
EndProject
Project("{9A19103F-16F7-4668-BE54-9A1E7A4F7556}") = "Hurudza.Apis.Base", "Apis\Hurudza.Apis.Base\Hurudza.Apis.Base.csproj", "{586725D8-578E-429E-B115-B5267D3B69FC}"
EndProject
Project("{9A19103F-16F7-4668-BE54-9A1E7A4F7556}") = "Hurudza.Apis.Core", "Apis\Hurudza.Apis.Core\Hurudza.Apis.Core.csproj", "{12AB1210-ADCA-4822-8917-BF04CA0EA414}"
EndProject
Project("{9A19103F-16F7-4668-BE54-9A1E7A4F7556}") = "Hurudza.Data.Context", "Data\Hurudza.Data.Context\Hurudza.Data.Context.csproj", "{75F58789-230F-42EA-80B8-598C69D8DFA7}"
EndProject
Project("{9A19103F-16F7-4668-BE54-9A1E7A4F7556}") = "Hurudza.UI.Mobile", "UI\Hurudza.UI.Mobile\Hurudza.UI.Mobile.csproj", "{75A661F9-3211-4DAA-ACBC-D34D06FD36D5}"
EndProject
Project("{9A19103F-16F7-4668-BE54-9A1E7A4F7556}") = "Hurudza.UI.Shared", "UI\Hurudza.UI.Shared\Hurudza.UI.Shared.csproj", "{6EFAEADB-D1F4-454D-97DB-06CD6953F516}"
EndProject
Project("{9A19103F-16F7-4668-BE54-9A1E7A4F7556}") = "Hurudza.Data.Migrator", "Data\Hurudza.Data.Migrator\Hurudza.Data.Migrator.csproj", "{43BC59C3-D90F-418B-B4D9-DE5FC12F4243}"
EndProject
Project("{9A19103F-16F7-4668-BE54-9A1E7A4F7556}") = "Hurudza.Apis.Sync", "Hurudza.Apis.Sync\Hurudza.Apis.Sync.csproj", "{E760D706-1D4C-45BE-91CD-03DF29D209B9}"
EndProject
Project("{9A19103F-16F7-4668-BE54-9A1E7A4F7556}") = "Hurudza.Data.UI.Models", "Hurudza.Data.ViewModels\Hurudza.Data.UI.Models.csproj", "{7E9A968B-8244-4287-85DF-E9E7BEB7311F}"
EndProject
Project("{9A19103F-16F7-4668-BE54-9A1E7A4F7556}") = "Hurudza.Data.Enums", "Hurudza.Data.Enums\Hurudza.Data.Enums.csproj", "{A0917297-8B8F-4B6C-A618-BF2935362E2A}"
EndProject
Project("{9A19103F-16F7-4668-BE54-9A1E7A4F7556}") = "Hurudza.Common.Emails", "Common\Hurudza.Common.Emails\Hurudza.Common.Emails.csproj", "{7383510F-16D2-40A5-B1DA-A09002366D94}"
EndProject
Project("{9A19103F-16F7-4668-BE54-9A1E7A4F7556}") = "Hurudza.UI.Web", "UI\Hurudza.UI.Web\Hurudza.UI.Web.csproj", "{4609382C-9449-43D0-A272-E9C37539E7F1}"
EndProject
Project("{FAE04EC0-301F-11D3-BF4B-00C04F79EFBC}") = "Hurudza.Data.Data", "Data\Hurudza.Data.Data\Hurudza.Data.Data.csproj", "{F78A4C5D-734D-44AA-99C3-98C8A847F267}"
EndProject
Project("{FAE04EC0-301F-11D3-BF4B-00C04F79EFBC}") = "Hurudza.Data.Services", "Data\Hurudza.Data.Services\Hurudza.Data.Services.csproj", "{B3FB66EE-6018-40A3-A36E-75CAFCC0E326}"
EndProject
Global
	GlobalSection(SolutionConfigurationPlatforms) = preSolution
		Debug|Any CPU = Debug|Any CPU
		Release|Any CPU = Release|Any CPU
	EndGlobalSection
	GlobalSection(ProjectConfigurationPlatforms) = postSolution
		{78E5A056-4885-49DB-93C1-5C6FB5298706}.Debug|Any CPU.ActiveCfg = Debug|Any CPU
		{78E5A056-4885-49DB-93C1-5C6FB5298706}.Debug|Any CPU.Build.0 = Debug|Any CPU
		{78E5A056-4885-49DB-93C1-5C6FB5298706}.Release|Any CPU.ActiveCfg = Release|Any CPU
		{78E5A056-4885-49DB-93C1-5C6FB5298706}.Release|Any CPU.Build.0 = Release|Any CPU
		{62657F01-2131-4495-BB9C-0B5472C581BA}.Debug|Any CPU.ActiveCfg = Debug|Any CPU
		{62657F01-2131-4495-BB9C-0B5472C581BA}.Debug|Any CPU.Build.0 = Debug|Any CPU
		{62657F01-2131-4495-BB9C-0B5472C581BA}.Release|Any CPU.ActiveCfg = Release|Any CPU
		{62657F01-2131-4495-BB9C-0B5472C581BA}.Release|Any CPU.Build.0 = Release|Any CPU
		{4652E544-D56B-45BE-8EC2-3EDF4B5F017F}.Debug|Any CPU.ActiveCfg = Debug|Any CPU
		{4652E544-D56B-45BE-8EC2-3EDF4B5F017F}.Debug|Any CPU.Build.0 = Debug|Any CPU
		{4652E544-D56B-45BE-8EC2-3EDF4B5F017F}.Release|Any CPU.ActiveCfg = Release|Any CPU
		{4652E544-D56B-45BE-8EC2-3EDF4B5F017F}.Release|Any CPU.Build.0 = Release|Any CPU
		{B22F02E4-092C-40CA-AB78-DBE28F67B522}.Debug|Any CPU.ActiveCfg = Debug|Any CPU
		{B22F02E4-092C-40CA-AB78-DBE28F67B522}.Debug|Any CPU.Build.0 = Debug|Any CPU
		{B22F02E4-092C-40CA-AB78-DBE28F67B522}.Release|Any CPU.ActiveCfg = Release|Any CPU
		{B22F02E4-092C-40CA-AB78-DBE28F67B522}.Release|Any CPU.Build.0 = Release|Any CPU
		{8BD3E65C-0A9D-4848-B73D-46E51B3BDBCF}.Debug|Any CPU.ActiveCfg = Debug|Any CPU
		{8BD3E65C-0A9D-4848-B73D-46E51B3BDBCF}.Debug|Any CPU.Build.0 = Debug|Any CPU
		{8BD3E65C-0A9D-4848-B73D-46E51B3BDBCF}.Release|Any CPU.ActiveCfg = Release|Any CPU
		{8BD3E65C-0A9D-4848-B73D-46E51B3BDBCF}.Release|Any CPU.Build.0 = Release|Any CPU
		{586725D8-578E-429E-B115-B5267D3B69FC}.Debug|Any CPU.ActiveCfg = Debug|Any CPU
		{586725D8-578E-429E-B115-B5267D3B69FC}.Debug|Any CPU.Build.0 = Debug|Any CPU
		{586725D8-578E-429E-B115-B5267D3B69FC}.Release|Any CPU.ActiveCfg = Release|Any CPU
		{586725D8-578E-429E-B115-B5267D3B69FC}.Release|Any CPU.Build.0 = Release|Any CPU
		{12AB1210-ADCA-4822-8917-BF04CA0EA414}.Debug|Any CPU.ActiveCfg = Debug|Any CPU
		{12AB1210-ADCA-4822-8917-BF04CA0EA414}.Debug|Any CPU.Build.0 = Debug|Any CPU
		{12AB1210-ADCA-4822-8917-BF04CA0EA414}.Release|Any CPU.ActiveCfg = Release|Any CPU
		{12AB1210-ADCA-4822-8917-BF04CA0EA414}.Release|Any CPU.Build.0 = Release|Any CPU
		{75F58789-230F-42EA-80B8-598C69D8DFA7}.Debug|Any CPU.ActiveCfg = Debug|Any CPU
		{75F58789-230F-42EA-80B8-598C69D8DFA7}.Debug|Any CPU.Build.0 = Debug|Any CPU
		{75F58789-230F-42EA-80B8-598C69D8DFA7}.Release|Any CPU.ActiveCfg = Release|Any CPU
		{75F58789-230F-42EA-80B8-598C69D8DFA7}.Release|Any CPU.Build.0 = Release|Any CPU
		{75A661F9-3211-4DAA-ACBC-D34D06FD36D5}.Debug|Any CPU.ActiveCfg = Debug|Any CPU
		{75A661F9-3211-4DAA-ACBC-D34D06FD36D5}.Debug|Any CPU.Build.0 = Debug|Any CPU
		{75A661F9-3211-4DAA-ACBC-D34D06FD36D5}.Debug|Any CPU.Deploy.0 = Debug|Any CPU
		{75A661F9-3211-4DAA-ACBC-D34D06FD36D5}.Release|Any CPU.ActiveCfg = Release|Any CPU
		{75A661F9-3211-4DAA-ACBC-D34D06FD36D5}.Release|Any CPU.Build.0 = Release|Any CPU
		{6EFAEADB-D1F4-454D-97DB-06CD6953F516}.Debug|Any CPU.ActiveCfg = Debug|Any CPU
		{6EFAEADB-D1F4-454D-97DB-06CD6953F516}.Debug|Any CPU.Build.0 = Debug|Any CPU
		{6EFAEADB-D1F4-454D-97DB-06CD6953F516}.Release|Any CPU.ActiveCfg = Release|Any CPU
		{6EFAEADB-D1F4-454D-97DB-06CD6953F516}.Release|Any CPU.Build.0 = Release|Any CPU
		{43BC59C3-D90F-418B-B4D9-DE5FC12F4243}.Debug|Any CPU.ActiveCfg = Debug|Any CPU
		{43BC59C3-D90F-418B-B4D9-DE5FC12F4243}.Debug|Any CPU.Build.0 = Debug|Any CPU
		{43BC59C3-D90F-418B-B4D9-DE5FC12F4243}.Release|Any CPU.ActiveCfg = Release|Any CPU
		{43BC59C3-D90F-418B-B4D9-DE5FC12F4243}.Release|Any CPU.Build.0 = Release|Any CPU
		{E760D706-1D4C-45BE-91CD-03DF29D209B9}.Debug|Any CPU.ActiveCfg = Debug|Any CPU
		{E760D706-1D4C-45BE-91CD-03DF29D209B9}.Debug|Any CPU.Build.0 = Debug|Any CPU
		{E760D706-1D4C-45BE-91CD-03DF29D209B9}.Release|Any CPU.ActiveCfg = Release|Any CPU
		{E760D706-1D4C-45BE-91CD-03DF29D209B9}.Release|Any CPU.Build.0 = Release|Any CPU
		{7E9A968B-8244-4287-85DF-E9E7BEB7311F}.Debug|Any CPU.ActiveCfg = Debug|Any CPU
		{7E9A968B-8244-4287-85DF-E9E7BEB7311F}.Debug|Any CPU.Build.0 = Debug|Any CPU
		{7E9A968B-8244-4287-85DF-E9E7BEB7311F}.Release|Any CPU.ActiveCfg = Release|Any CPU
		{7E9A968B-8244-4287-85DF-E9E7BEB7311F}.Release|Any CPU.Build.0 = Release|Any CPU
		{A0917297-8B8F-4B6C-A618-BF2935362E2A}.Debug|Any CPU.ActiveCfg = Debug|Any CPU
		{A0917297-8B8F-4B6C-A618-BF2935362E2A}.Debug|Any CPU.Build.0 = Debug|Any CPU
		{A0917297-8B8F-4B6C-A618-BF2935362E2A}.Release|Any CPU.ActiveCfg = Release|Any CPU
		{A0917297-8B8F-4B6C-A618-BF2935362E2A}.Release|Any CPU.Build.0 = Release|Any CPU
		{7383510F-16D2-40A5-B1DA-A09002366D94}.Debug|Any CPU.ActiveCfg = Debug|Any CPU
		{7383510F-16D2-40A5-B1DA-A09002366D94}.Debug|Any CPU.Build.0 = Debug|Any CPU
		{7383510F-16D2-40A5-B1DA-A09002366D94}.Release|Any CPU.ActiveCfg = Release|Any CPU
		{7383510F-16D2-40A5-B1DA-A09002366D94}.Release|Any CPU.Build.0 = Release|Any CPU
		{4609382C-9449-43D0-A272-E9C37539E7F1}.Debug|Any CPU.ActiveCfg = Debug|Any CPU
		{4609382C-9449-43D0-A272-E9C37539E7F1}.Debug|Any CPU.Build.0 = Debug|Any CPU
		{4609382C-9449-43D0-A272-E9C37539E7F1}.Release|Any CPU.ActiveCfg = Release|Any CPU
		{4609382C-9449-43D0-A272-E9C37539E7F1}.Release|Any CPU.Build.0 = Release|Any CPU
		{F78A4C5D-734D-44AA-99C3-98C8A847F267}.Debug|Any CPU.ActiveCfg = Debug|Any CPU
		{F78A4C5D-734D-44AA-99C3-98C8A847F267}.Debug|Any CPU.Build.0 = Debug|Any CPU
		{F78A4C5D-734D-44AA-99C3-98C8A847F267}.Release|Any CPU.ActiveCfg = Release|Any CPU
		{F78A4C5D-734D-44AA-99C3-98C8A847F267}.Release|Any CPU.Build.0 = Release|Any CPU
		{B3FB66EE-6018-40A3-A36E-75CAFCC0E326}.Debug|Any CPU.ActiveCfg = Debug|Any CPU
		{B3FB66EE-6018-40A3-A36E-75CAFCC0E326}.Debug|Any CPU.Build.0 = Debug|Any CPU
		{B3FB66EE-6018-40A3-A36E-75CAFCC0E326}.Release|Any CPU.ActiveCfg = Release|Any CPU
		{B3FB66EE-6018-40A3-A36E-75CAFCC0E326}.Release|Any CPU.Build.0 = Release|Any CPU
	EndGlobalSection
	GlobalSection(SolutionProperties) = preSolution
		HideSolutionNode = FALSE
	EndGlobalSection
	GlobalSection(NestedProjects) = preSolution
		{78E5A056-4885-49DB-93C1-5C6FB5298706} = {1A529191-5E5E-4DC0-972B-2489F166EB06}
		{62657F01-2131-4495-BB9C-0B5472C581BA} = {1A529191-5E5E-4DC0-972B-2489F166EB06}
		{4652E544-D56B-45BE-8EC2-3EDF4B5F017F} = {EC72E0C2-093B-4582-8AB7-DF15A582E320}
		{B22F02E4-092C-40CA-AB78-DBE28F67B522} = {EC72E0C2-093B-4582-8AB7-DF15A582E320}
		{8BD3E65C-0A9D-4848-B73D-46E51B3BDBCF} = {1A529191-5E5E-4DC0-972B-2489F166EB06}
		{586725D8-578E-429E-B115-B5267D3B69FC} = {8C540A82-FC0E-4F7F-A68E-B538CFA110C9}
		{12AB1210-ADCA-4822-8917-BF04CA0EA414} = {8C540A82-FC0E-4F7F-A68E-B538CFA110C9}
		{75F58789-230F-42EA-80B8-598C69D8DFA7} = {EC72E0C2-093B-4582-8AB7-DF15A582E320}
		{75A661F9-3211-4DAA-ACBC-D34D06FD36D5} = {9D65A920-14A0-476B-898E-F5B4B5D55F67}
		{6EFAEADB-D1F4-454D-97DB-06CD6953F516} = {9D65A920-14A0-476B-898E-F5B4B5D55F67}
		{43BC59C3-D90F-418B-B4D9-DE5FC12F4243} = {EC72E0C2-093B-4582-8AB7-DF15A582E320}
		{E760D706-1D4C-45BE-91CD-03DF29D209B9} = {8C540A82-FC0E-4F7F-A68E-B538CFA110C9}
		{7E9A968B-8244-4287-85DF-E9E7BEB7311F} = {EC72E0C2-093B-4582-8AB7-DF15A582E320}
		{A0917297-8B8F-4B6C-A618-BF2935362E2A} = {EC72E0C2-093B-4582-8AB7-DF15A582E320}
		{7383510F-16D2-40A5-B1DA-A09002366D94} = {1A529191-5E5E-4DC0-972B-2489F166EB06}
		{4609382C-9449-43D0-A272-E9C37539E7F1} = {9D65A920-14A0-476B-898E-F5B4B5D55F67}
		{F78A4C5D-734D-44AA-99C3-98C8A847F267} = {EC72E0C2-093B-4582-8AB7-DF15A582E320}
		{B3FB66EE-6018-40A3-A36E-75CAFCC0E326} = {EC72E0C2-093B-4582-8AB7-DF15A582E320}
	EndGlobalSection
	GlobalSection(ExtensibilityGlobals) = postSolution
		SolutionGuid = {CDD0E96A-A3AF-4AC3-A387-676C2955EEA6}
	EndGlobalSection
EndGlobal
