
Microsoft Visual Studio Solution File, Format Version 12.00
Project("{2150E333-8FDC-42A3-9474-1A3956D46DE8}") = "Common", "Common", "{1A529191-5E5E-4DC0-972B-2489F166EB06}"
EndProject
Project("{FAE04EC0-301F-11D3-BF4B-00C04F79EFBC}") = "Hurudza.Common.Utils", "Common\Hurudza.Common.Utils\Hurudza.Common.Utils.csproj", "{78E5A056-4885-49DB-93C1-5C6FB5298706}"
EndProject
Project("{2150E333-8FDC-42A3-9474-1A3956D46DE8}") = "Data", "Data", "{EC72E0C2-093B-4582-8AB7-DF15A582E320}"
EndProject
Project("{FAE04EC0-301F-11D3-BF4B-00C04F79EFBC}") = "Hurudza.Common.Services", "Common\Hurudza.Common.Services\Hurudza.Common.Services.csproj", "{62657F01-2131-4495-BB9C-0B5472C581BA}"
EndProject
Project("{FAE04EC0-301F-11D3-BF4B-00C04F79EFBC}") = "Hurudza.Data.Models", "Data\Hurudza.Data.Models\Hurudza.Data.Models.csproj", "{4652E544-D56B-45BE-8EC2-3EDF4B5F017F}"
EndProject
Project("{FAE04EC0-301F-11D3-BF4B-00C04F79EFBC}") = "Hurudza.Data.Repository", "Data\Hurudza.Data.Repository\Hurudza.Data.Repository.csproj", "{B22F02E4-092C-40CA-AB78-DBE28F67B522}"
EndProject
Project("{2150E333-8FDC-42A3-9474-1A3956D46DE8}") = "UI", "UI", "{9D65A920-14A0-476B-898E-F5B4B5D55F67}"
EndProject
Project("{FAE04EC0-301F-11D3-BF4B-00C04F79EFBC}") = "Hurudza.Common.Emails", "Common\Hurudza.Common.Emails\Hurudza.Common.Emails.csproj", "{02173179-B647-4DDB-A122-779386ADDF90}"
EndProject
Project("{FAE04EC0-301F-11D3-BF4B-00C04F79EFBC}") = "Hurudza.Common.Sms", "Common\Hurudza.Common.Sms\Hurudza.Common.Sms.csproj", "{8BD3E65C-0A9D-4848-B73D-46E51B3BDBCF}"
EndProject
Project("{2150E333-8FDC-42A3-9474-1A3956D46DE8}") = "Apis", "Apis", "{8C540A82-FC0E-4F7F-A68E-B538CFA110C9}"
EndProject
Project("{FAE04EC0-301F-11D3-BF4B-00C04F79EFBC}") = "Hurudza.Apis.Base", "Apis\Hurudza.Apis.Base\Hurudza.Apis.Base.csproj", "{586725D8-578E-429E-B115-B5267D3B69FC}"
EndProject
Project("{FAE04EC0-301F-11D3-BF4B-00C04F79EFBC}") = "Hurudza.Apis.Core", "Apis\Hurudza.Apis.Core\Hurudza.Apis.Core.csproj", "{12AB1210-ADCA-4822-8917-BF04CA0EA414}"
EndProject
Project("{FAE04EC0-301F-11D3-BF4B-00C04F79EFBC}") = "Hurudza.Data.Context", "Data\Hurudza.Data.Context\Hurudza.Data.Context.csproj", "{75F58789-230F-42EA-80B8-598C69D8DFA7}"
EndProject
Project("{FAE04EC0-301F-11D3-BF4B-00C04F79EFBC}") = "Hurudza.UI.Sample", "UI\Hurudza.UI.Sample\Hurudza.UI.Sample.csproj", "{E8ED0907-3E4E-4134-B774-DC02AC96F065}"
EndProject
Global
	GlobalSection(SolutionConfigurationPlatforms) = preSolution
		Debug|Any CPU = Debug|Any CPU
		Release|Any CPU = Release|Any CPU
	EndGlobalSection
	GlobalSection(NestedProjects) = preSolution
		{78E5A056-4885-49DB-93C1-5C6FB5298706} = {1A529191-5E5E-4DC0-972B-2489F166EB06}
		{62657F01-2131-4495-BB9C-0B5472C581BA} = {1A529191-5E5E-4DC0-972B-2489F166EB06}
		{4652E544-D56B-45BE-8EC2-3EDF4B5F017F} = {EC72E0C2-093B-4582-8AB7-DF15A582E320}
		{B22F02E4-092C-40CA-AB78-DBE28F67B522} = {EC72E0C2-093B-4582-8AB7-DF15A582E320}
		{02173179-B647-4DDB-A122-779386ADDF90} = {1A529191-5E5E-4DC0-972B-2489F166EB06}
		{8BD3E65C-0A9D-4848-B73D-46E51B3BDBCF} = {1A529191-5E5E-4DC0-972B-2489F166EB06}
		{586725D8-578E-429E-B115-B5267D3B69FC} = {8C540A82-FC0E-4F7F-A68E-B538CFA110C9}
		{12AB1210-ADCA-4822-8917-BF04CA0EA414} = {8C540A82-FC0E-4F7F-A68E-B538CFA110C9}
		{75F58789-230F-42EA-80B8-598C69D8DFA7} = {EC72E0C2-093B-4582-8AB7-DF15A582E320}
		{E8ED0907-3E4E-4134-B774-DC02AC96F065} = {9D65A920-14A0-476B-898E-F5B4B5D55F67}
	EndGlobalSection
	GlobalSection(ProjectConfigurationPlatforms) = postSolution
		{78E5A056-4885-49DB-93C1-5C6FB5298706}.Debug|Any CPU.ActiveCfg = Debug|Any CPU
		{78E5A056-4885-49DB-93C1-5C6FB5298706}.Debug|Any CPU.Build.0 = Debug|Any CPU
		{78E5A056-4885-49DB-93C1-5C6FB5298706}.Release|Any CPU.ActiveCfg = Release|Any CPU
		{78E5A056-4885-49DB-93C1-5C6FB5298706}.Release|Any CPU.Build.0 = Release|Any CPU
		{62657F01-2131-4495-BB9C-0B5472C581BA}.Debug|Any CPU.ActiveCfg = Debug|Any CPU
		{62657F01-2131-4495-BB9C-0B5472C581BA}.Debug|Any CPU.Build.0 = Debug|Any CPU
		{62657F01-2131-4495-BB9C-0B5472C581BA}.Release|Any CPU.ActiveCfg = Release|Any CPU
		{62657F01-2131-4495-BB9C-0B5472C581BA}.Release|Any CPU.Build.0 = Release|Any CPU
		{4652E544-D56B-45BE-8EC2-3EDF4B5F017F}.Debug|Any CPU.ActiveCfg = Debug|Any CPU
		{4652E544-D56B-45BE-8EC2-3EDF4B5F017F}.Debug|Any CPU.Build.0 = Debug|Any CPU
		{4652E544-D56B-45BE-8EC2-3EDF4B5F017F}.Release|Any CPU.ActiveCfg = Release|Any CPU
		{4652E544-D56B-45BE-8EC2-3EDF4B5F017F}.Release|Any CPU.Build.0 = Release|Any CPU
		{B22F02E4-092C-40CA-AB78-DBE28F67B522}.Debug|Any CPU.ActiveCfg = Debug|Any CPU
		{B22F02E4-092C-40CA-AB78-DBE28F67B522}.Debug|Any CPU.Build.0 = Debug|Any CPU
		{B22F02E4-092C-40CA-AB78-DBE28F67B522}.Release|Any CPU.ActiveCfg = Release|Any CPU
		{B22F02E4-092C-40CA-AB78-DBE28F67B522}.Release|Any CPU.Build.0 = Release|Any CPU
		{02173179-B647-4DDB-A122-779386ADDF90}.Debug|Any CPU.ActiveCfg = Debug|Any CPU
		{02173179-B647-4DDB-A122-779386ADDF90}.Debug|Any CPU.Build.0 = Debug|Any CPU
		{02173179-B647-4DDB-A122-779386ADDF90}.Release|Any CPU.ActiveCfg = Release|Any CPU
		{02173179-B647-4DDB-A122-779386ADDF90}.Release|Any CPU.Build.0 = Release|Any CPU
		{8BD3E65C-0A9D-4848-B73D-46E51B3BDBCF}.Debug|Any CPU.ActiveCfg = Debug|Any CPU
		{8BD3E65C-0A9D-4848-B73D-46E51B3BDBCF}.Debug|Any CPU.Build.0 = Debug|Any CPU
		{8BD3E65C-0A9D-4848-B73D-46E51B3BDBCF}.Release|Any CPU.ActiveCfg = Release|Any CPU
		{8BD3E65C-0A9D-4848-B73D-46E51B3BDBCF}.Release|Any CPU.Build.0 = Release|Any CPU
		{586725D8-578E-429E-B115-B5267D3B69FC}.Debug|Any CPU.ActiveCfg = Debug|Any CPU
		{586725D8-578E-429E-B115-B5267D3B69FC}.Debug|Any CPU.Build.0 = Debug|Any CPU
		{586725D8-578E-429E-B115-B5267D3B69FC}.Release|Any CPU.ActiveCfg = Release|Any CPU
		{586725D8-578E-429E-B115-B5267D3B69FC}.Release|Any CPU.Build.0 = Release|Any CPU
		{12AB1210-ADCA-4822-8917-BF04CA0EA414}.Debug|Any CPU.ActiveCfg = Debug|Any CPU
		{12AB1210-ADCA-4822-8917-BF04CA0EA414}.Debug|Any CPU.Build.0 = Debug|Any CPU
		{12AB1210-ADCA-4822-8917-BF04CA0EA414}.Release|Any CPU.ActiveCfg = Release|Any CPU
		{12AB1210-ADCA-4822-8917-BF04CA0EA414}.Release|Any CPU.Build.0 = Release|Any CPU
		{75F58789-230F-42EA-80B8-598C69D8DFA7}.Debug|Any CPU.ActiveCfg = Debug|Any CPU
		{75F58789-230F-42EA-80B8-598C69D8DFA7}.Debug|Any CPU.Build.0 = Debug|Any CPU
		{75F58789-230F-42EA-80B8-598C69D8DFA7}.Release|Any CPU.ActiveCfg = Release|Any CPU
		{75F58789-230F-42EA-80B8-598C69D8DFA7}.Release|Any CPU.Build.0 = Release|Any CPU
		{E8ED0907-3E4E-4134-B774-DC02AC96F065}.Debug|Any CPU.ActiveCfg = Debug|Any CPU
		{E8ED0907-3E4E-4134-B774-DC02AC96F065}.Debug|Any CPU.Build.0 = Debug|Any CPU
		{E8ED0907-3E4E-4134-B774-DC02AC96F065}.Release|Any CPU.ActiveCfg = Release|Any CPU
		{E8ED0907-3E4E-4134-B774-DC02AC96F065}.Release|Any CPU.Build.0 = Release|Any CPU
	EndGlobalSection
EndGlobal
